// !$*UTF8*$!
{
	archiveVersion = 1;
	classes = {
	};
	objectVersion = 51;
	objects = {

/* Begin PBXBuildFile section */
		03B885EA619F0787CA76A100 /* Pods_FinanceApp.framework in Frameworks */ = {isa = PBXBuildFile; fileRef = 6EBE9550A573F61546F6BF99 /* Pods_FinanceApp.framework */; };
		B109354025B1C90500AC6A44 /* ItemCell.swift in Sources */ = {isa = PBXBuildFile; fileRef = B109353F25B1C90500AC6A44 /* ItemCell.swift */; };
		B109BEB22620B46300D44842 /* DiagramsViewController.swift in Sources */ = {isa = PBXBuildFile; fileRef = B109BEB12620B46300D44842 /* DiagramsViewController.swift */; };
		B11615552627879C00150BC1 /* DatePredicates.swift in Sources */ = {isa = PBXBuildFile; fileRef = B11615542627879C00150BC1 /* DatePredicates.swift */; };
		B119CD362625F7DB000EB8CD /* ChartCell.swift in Sources */ = {isa = PBXBuildFile; fileRef = B119CD352625F7DB000EB8CD /* ChartCell.swift */; };
		B13204CC2603848A00D64922 /* Constants.swift in Sources */ = {isa = PBXBuildFile; fileRef = B13204CB2603848A00D64922 /* Constants.swift */; };
		B13284BD262858B2003FE86B /* Extensions.swift in Sources */ = {isa = PBXBuildFile; fileRef = B13284BC262858B2003FE86B /* Extensions.swift */; };
		B13284C12628693E003FE86B /* ApiViewController.swift in Sources */ = {isa = PBXBuildFile; fileRef = B13284C02628693E003FE86B /* ApiViewController.swift */; };
		B13B12CF25B6E39B00A4AECA /* Category.swift in Sources */ = {isa = PBXBuildFile; fileRef = B13B12CE25B6E39B00A4AECA /* Category.swift */; };
		B13B12D225B6E68D00A4AECA /* CategoryViewController.swift in Sources */ = {isa = PBXBuildFile; fileRef = B13B12D125B6E68D00A4AECA /* CategoryViewController.swift */; };
		B13B12DE25B70DDB00A4AECA /* AddCategoryViewController.swift in Sources */ = {isa = PBXBuildFile; fileRef = B13B12DD25B70DDB00A4AECA /* AddCategoryViewController.swift */; };
		B140D23025D6FB8600988AD0 /* CategoryCell.swift in Sources */ = {isa = PBXBuildFile; fileRef = B140D22F25D6FB8600988AD0 /* CategoryCell.swift */; };
		B1414A1C261485E500932142 /* TransferCell.swift in Sources */ = {isa = PBXBuildFile; fileRef = B1414A1A261485E500932142 /* TransferCell.swift */; };
		B1414A1D261485E500932142 /* TransferCell.xib in Resources */ = {isa = PBXBuildFile; fileRef = B1414A1B261485E500932142 /* TransferCell.xib */; };
		B162359825B3032900339179 /* AddItemViewController.swift in Sources */ = {isa = PBXBuildFile; fileRef = B162359725B3032900339179 /* AddItemViewController.swift */; };
		B1831874260E319C00C13755 /* AccountViewController.swift in Sources */ = {isa = PBXBuildFile; fileRef = B1831873260E319C00C13755 /* AccountViewController.swift */; };
		B1831877260E31E300C13755 /* Account.swift in Sources */ = {isa = PBXBuildFile; fileRef = B1831876260E31E300C13755 /* Account.swift */; };
		B190CD762612848800ECB3B5 /* AddTransferViewController.swift in Sources */ = {isa = PBXBuildFile; fileRef = B190CD752612848800ECB3B5 /* AddTransferViewController.swift */; };
		B1B92BD625E7C46E0072F17F /* TabBarController.swift in Sources */ = {isa = PBXBuildFile; fileRef = B1B92BD525E7C46E0072F17F /* TabBarController.swift */; };
		B1B92BDC25E7D04B0072F17F /* Assets.xcassets in Resources */ = {isa = PBXBuildFile; fileRef = B1B92BDB25E7D04B0072F17F /* Assets.xcassets */; };
		B1C8A6B2260E39D1007D5AE9 /* AccountCell.swift in Sources */ = {isa = PBXBuildFile; fileRef = B1C8A6B1260E39D1007D5AE9 /* AccountCell.swift */; };
		B1C8A6B5260E3CC8007D5AE9 /* AddAccountViewController.swift in Sources */ = {isa = PBXBuildFile; fileRef = B1C8A6B4260E3CC8007D5AE9 /* AddAccountViewController.swift */; };
		B1D0907325B1CDD200491033 /* Item.swift in Sources */ = {isa = PBXBuildFile; fileRef = B1D0907225B1CDD200491033 /* Item.swift */; };
		B1D1E934261FAEB200AAAE2D /* new.realm in Resources */ = {isa = PBXBuildFile; fileRef = B1D1E933261FAEB100AAAE2D /* new.realm */; };
		B1D492CF25B1AF9900764C68 /* AppDelegate.swift in Sources */ = {isa = PBXBuildFile; fileRef = B1D492CE25B1AF9900764C68 /* AppDelegate.swift */; };
		B1D492D125B1AF9900764C68 /* SceneDelegate.swift in Sources */ = {isa = PBXBuildFile; fileRef = B1D492D025B1AF9900764C68 /* SceneDelegate.swift */; };
		B1D492D325B1AF9900764C68 /* ItemViewController.swift in Sources */ = {isa = PBXBuildFile; fileRef = B1D492D225B1AF9900764C68 /* ItemViewController.swift */; };
		B1D492D625B1AF9900764C68 /* Main.storyboard in Resources */ = {isa = PBXBuildFile; fileRef = B1D492D425B1AF9900764C68 /* Main.storyboard */; };
		B1D492DB25B1AF9D00764C68 /* LaunchScreen.storyboard in Resources */ = {isa = PBXBuildFile; fileRef = B1D492D925B1AF9D00764C68 /* LaunchScreen.storyboard */; };
		B1DB0B1D262F128100C464DF /* RoundedButton.swift in Sources */ = {isa = PBXBuildFile; fileRef = B1DB0B1C262F128100C464DF /* RoundedButton.swift */; };
		B1ED39CB25EE6296007BC16D /* AppCalculations.swift in Sources */ = {isa = PBXBuildFile; fileRef = B1ED39CA25EE6296007BC16D /* AppCalculations.swift */; };
/* End PBXBuildFile section */

/* Begin PBXFileReference section */
		09BE0E2AD65651CB3960C964 /* Pods-FinanceApp.debug.xcconfig */ = {isa = PBXFileReference; includeInIndex = 1; lastKnownFileType = text.xcconfig; name = "Pods-FinanceApp.debug.xcconfig"; path = "Target Support Files/Pods-FinanceApp/Pods-FinanceApp.debug.xcconfig"; sourceTree = "<group>"; };
		6EBE9550A573F61546F6BF99 /* Pods_FinanceApp.framework */ = {isa = PBXFileReference; explicitFileType = wrapper.framework; includeInIndex = 0; path = Pods_FinanceApp.framework; sourceTree = BUILT_PRODUCTS_DIR; };
		B105EBA83B5575B1A5BB7865 /* Pods-FinanceApp.release.xcconfig */ = {isa = PBXFileReference; includeInIndex = 1; lastKnownFileType = text.xcconfig; name = "Pods-FinanceApp.release.xcconfig"; path = "Target Support Files/Pods-FinanceApp/Pods-FinanceApp.release.xcconfig"; sourceTree = "<group>"; };
		B109353F25B1C90500AC6A44 /* ItemCell.swift */ = {isa = PBXFileReference; lastKnownFileType = sourcecode.swift; path = ItemCell.swift; sourceTree = "<group>"; };
		B109BEB12620B46300D44842 /* DiagramsViewController.swift */ = {isa = PBXFileReference; lastKnownFileType = sourcecode.swift; path = DiagramsViewController.swift; sourceTree = "<group>"; };
		B11615542627879C00150BC1 /* DatePredicates.swift */ = {isa = PBXFileReference; lastKnownFileType = sourcecode.swift; path = DatePredicates.swift; sourceTree = "<group>"; };
		B119CD352625F7DB000EB8CD /* ChartCell.swift */ = {isa = PBXFileReference; lastKnownFileType = sourcecode.swift; path = ChartCell.swift; sourceTree = "<group>"; };
		B13204CB2603848A00D64922 /* Constants.swift */ = {isa = PBXFileReference; lastKnownFileType = sourcecode.swift; path = Constants.swift; sourceTree = "<group>"; };
		B13284BC262858B2003FE86B /* Extensions.swift */ = {isa = PBXFileReference; lastKnownFileType = sourcecode.swift; path = Extensions.swift; sourceTree = "<group>"; };
		B13284C02628693E003FE86B /* ApiViewController.swift */ = {isa = PBXFileReference; lastKnownFileType = sourcecode.swift; path = ApiViewController.swift; sourceTree = "<group>"; };
		B13B12CE25B6E39B00A4AECA /* Category.swift */ = {isa = PBXFileReference; lastKnownFileType = sourcecode.swift; path = Category.swift; sourceTree = "<group>"; };
		B13B12D125B6E68D00A4AECA /* CategoryViewController.swift */ = {isa = PBXFileReference; lastKnownFileType = sourcecode.swift; path = CategoryViewController.swift; sourceTree = "<group>"; };
		B13B12DD25B70DDB00A4AECA /* AddCategoryViewController.swift */ = {isa = PBXFileReference; lastKnownFileType = sourcecode.swift; path = AddCategoryViewController.swift; sourceTree = "<group>"; };
		B140D22F25D6FB8600988AD0 /* CategoryCell.swift */ = {isa = PBXFileReference; lastKnownFileType = sourcecode.swift; path = CategoryCell.swift; sourceTree = "<group>"; };
		B1414A1A261485E500932142 /* TransferCell.swift */ = {isa = PBXFileReference; lastKnownFileType = sourcecode.swift; path = TransferCell.swift; sourceTree = "<group>"; };
		B1414A1B261485E500932142 /* TransferCell.xib */ = {isa = PBXFileReference; lastKnownFileType = file.xib; path = TransferCell.xib; sourceTree = "<group>"; };
		B162359725B3032900339179 /* AddItemViewController.swift */ = {isa = PBXFileReference; lastKnownFileType = sourcecode.swift; path = AddItemViewController.swift; sourceTree = "<group>"; };
		B1831873260E319C00C13755 /* AccountViewController.swift */ = {isa = PBXFileReference; lastKnownFileType = sourcecode.swift; path = AccountViewController.swift; sourceTree = "<group>"; };
		B1831876260E31E300C13755 /* Account.swift */ = {isa = PBXFileReference; lastKnownFileType = sourcecode.swift; path = Account.swift; sourceTree = "<group>"; };
		B190CD752612848800ECB3B5 /* AddTransferViewController.swift */ = {isa = PBXFileReference; lastKnownFileType = sourcecode.swift; path = AddTransferViewController.swift; sourceTree = "<group>"; };
		B1B92BD525E7C46E0072F17F /* TabBarController.swift */ = {isa = PBXFileReference; lastKnownFileType = sourcecode.swift; path = TabBarController.swift; sourceTree = "<group>"; };
		B1B92BDB25E7D04B0072F17F /* Assets.xcassets */ = {isa = PBXFileReference; lastKnownFileType = folder.assetcatalog; path = Assets.xcassets; sourceTree = "<group>"; };
		B1C8A6B1260E39D1007D5AE9 /* AccountCell.swift */ = {isa = PBXFileReference; lastKnownFileType = sourcecode.swift; path = AccountCell.swift; sourceTree = "<group>"; };
		B1C8A6B4260E3CC8007D5AE9 /* AddAccountViewController.swift */ = {isa = PBXFileReference; lastKnownFileType = sourcecode.swift; path = AddAccountViewController.swift; sourceTree = "<group>"; };
		B1D0907225B1CDD200491033 /* Item.swift */ = {isa = PBXFileReference; lastKnownFileType = sourcecode.swift; path = Item.swift; sourceTree = "<group>"; };
		B1D1E933261FAEB100AAAE2D /* new.realm */ = {isa = PBXFileReference; lastKnownFileType = file; path = new.realm; sourceTree = "<group>"; };
		B1D492CB25B1AF9900764C68 /* FinanceApp.app */ = {isa = PBXFileReference; explicitFileType = wrapper.application; includeInIndex = 0; path = FinanceApp.app; sourceTree = BUILT_PRODUCTS_DIR; };
		B1D492CE25B1AF9900764C68 /* AppDelegate.swift */ = {isa = PBXFileReference; lastKnownFileType = sourcecode.swift; path = AppDelegate.swift; sourceTree = "<group>"; };
		B1D492D025B1AF9900764C68 /* SceneDelegate.swift */ = {isa = PBXFileReference; lastKnownFileType = sourcecode.swift; path = SceneDelegate.swift; sourceTree = "<group>"; };
		B1D492D225B1AF9900764C68 /* ItemViewController.swift */ = {isa = PBXFileReference; lastKnownFileType = sourcecode.swift; path = ItemViewController.swift; sourceTree = "<group>"; };
		B1D492D525B1AF9900764C68 /* Base */ = {isa = PBXFileReference; lastKnownFileType = file.storyboard; name = Base; path = Base.lproj/Main.storyboard; sourceTree = "<group>"; };
		B1D492DA25B1AF9D00764C68 /* Base */ = {isa = PBXFileReference; lastKnownFileType = file.storyboard; name = Base; path = Base.lproj/LaunchScreen.storyboard; sourceTree = "<group>"; };
		B1D492DC25B1AF9D00764C68 /* Info.plist */ = {isa = PBXFileReference; lastKnownFileType = text.plist.xml; path = Info.plist; sourceTree = "<group>"; };
		B1DB0B1C262F128100C464DF /* RoundedButton.swift */ = {isa = PBXFileReference; lastKnownFileType = sourcecode.swift; path = RoundedButton.swift; sourceTree = "<group>"; };
		B1ED39CA25EE6296007BC16D /* AppCalculations.swift */ = {isa = PBXFileReference; lastKnownFileType = sourcecode.swift; path = AppCalculations.swift; sourceTree = "<group>"; };
/* End PBXFileReference section */

/* Begin PBXFrameworksBuildPhase section */
		B1D492C825B1AF9900764C68 /* Frameworks */ = {
			isa = PBXFrameworksBuildPhase;
			buildActionMask = 2147483647;
			files = (
				03B885EA619F0787CA76A100 /* Pods_FinanceApp.framework in Frameworks */,
			);
			runOnlyForDeploymentPostprocessing = 0;
		};
/* End PBXFrameworksBuildPhase section */

/* Begin PBXGroup section */
		B13284BF26286915003FE86B /* API */ = {
			isa = PBXGroup;
			children = (
				B13284C02628693E003FE86B /* ApiViewController.swift */,
			);
			path = API;
			sourceTree = "<group>";
		};
		B1B92BEF25E856040072F17F /* Разметка */ = {
			isa = PBXGroup;
			children = (
				B1B92BD525E7C46E0072F17F /* TabBarController.swift */,
				B109353F25B1C90500AC6A44 /* ItemCell.swift */,
				B140D22F25D6FB8600988AD0 /* CategoryCell.swift */,
				B1C8A6B1260E39D1007D5AE9 /* AccountCell.swift */,
				B1414A1A261485E500932142 /* TransferCell.swift */,
				B1414A1B261485E500932142 /* TransferCell.xib */,
				B119CD352625F7DB000EB8CD /* ChartCell.swift */,
				B1DB0B1C262F128100C464DF /* RoundedButton.swift */,
			);
			path = "Разметка";
			sourceTree = "<group>";
		};
		B1D0907625B1D0AA00491033 /* Realm */ = {
			isa = PBXGroup;
			children = (
				B1D0907225B1CDD200491033 /* Item.swift */,
				B13B12CE25B6E39B00A4AECA /* Category.swift */,
				B1831876260E31E300C13755 /* Account.swift */,
			);
			path = Realm;
			sourceTree = "<group>";
		};
		B1D0907725B1D0C600491033 /* View */ = {
			isa = PBXGroup;
			children = (
				B1D492D425B1AF9900764C68 /* Main.storyboard */,
				B1D492D925B1AF9D00764C68 /* LaunchScreen.storyboard */,
			);
			path = View;
			sourceTree = "<group>";
		};
		B1D0907825B1D0D200491033 /* Controllers */ = {
			isa = PBXGroup;
			children = (
				B13284BF26286915003FE86B /* API */,
				B1D1E9452620B3D500AAAE2D /* Diagram */,
				B1D1E9442620B3BD00AAAE2D /* Table */,
			);
			path = Controllers;
			sourceTree = "<group>";
		};
		B1D1E9442620B3BD00AAAE2D /* Table */ = {
			isa = PBXGroup;
			children = (
				B1D492D225B1AF9900764C68 /* ItemViewController.swift */,
				B162359725B3032900339179 /* AddItemViewController.swift */,
				B190CD752612848800ECB3B5 /* AddTransferViewController.swift */,
				B13B12D125B6E68D00A4AECA /* CategoryViewController.swift */,
				B1831873260E319C00C13755 /* AccountViewController.swift */,
				B13B12DD25B70DDB00A4AECA /* AddCategoryViewController.swift */,
				B1C8A6B4260E3CC8007D5AE9 /* AddAccountViewController.swift */,
			);
			path = Table;
			sourceTree = "<group>";
		};
		B1D1E9452620B3D500AAAE2D /* Diagram */ = {
			isa = PBXGroup;
			children = (
				B109BEB12620B46300D44842 /* DiagramsViewController.swift */,
			);
			path = Diagram;
			sourceTree = "<group>";
		};
		B1D492C225B1AF9900764C68 = {
			isa = PBXGroup;
			children = (
				B1D492CD25B1AF9900764C68 /* FinanceApp */,
				B1D492CC25B1AF9900764C68 /* Products */,
				FAE9B5C9E47DBBD8E8417CA3 /* Pods */,
				E849986ED7ADCBB264F09320 /* Frameworks */,
			);
			sourceTree = "<group>";
		};
		B1D492CC25B1AF9900764C68 /* Products */ = {
			isa = PBXGroup;
			children = (
				B1D492CB25B1AF9900764C68 /* FinanceApp.app */,
			);
			name = Products;
			sourceTree = "<group>";
		};
		B1D492CD25B1AF9900764C68 /* FinanceApp */ = {
			isa = PBXGroup;
			children = (
				B1D1E933261FAEB100AAAE2D /* new.realm */,
				B1D492CE25B1AF9900764C68 /* AppDelegate.swift */,
				B1D492D025B1AF9900764C68 /* SceneDelegate.swift */,
				B1ED39C925EE6269007BC16D /* Model */,
				B1B92BEF25E856040072F17F /* Разметка */,
				B1D0907625B1D0AA00491033 /* Realm */,
				B1D0907825B1D0D200491033 /* Controllers */,
				B1D0907725B1D0C600491033 /* View */,
				B1D492DC25B1AF9D00764C68 /* Info.plist */,
				B1B92BDB25E7D04B0072F17F /* Assets.xcassets */,
			);
			path = FinanceApp;
			sourceTree = "<group>";
		};
		B1ED39C925EE6269007BC16D /* Model */ = {
			isa = PBXGroup;
			children = (
				B1ED39CA25EE6296007BC16D /* AppCalculations.swift */,
				B13204CB2603848A00D64922 /* Constants.swift */,
				B11615542627879C00150BC1 /* DatePredicates.swift */,
				B13284BC262858B2003FE86B /* Extensions.swift */,
			);
			path = Model;
			sourceTree = "<group>";
		};
		E849986ED7ADCBB264F09320 /* Frameworks */ = {
			isa = PBXGroup;
			children = (
				6EBE9550A573F61546F6BF99 /* Pods_FinanceApp.framework */,
			);
			name = Frameworks;
			sourceTree = "<group>";
		};
		FAE9B5C9E47DBBD8E8417CA3 /* Pods */ = {
			isa = PBXGroup;
			children = (
				09BE0E2AD65651CB3960C964 /* Pods-FinanceApp.debug.xcconfig */,
				B105EBA83B5575B1A5BB7865 /* Pods-FinanceApp.release.xcconfig */,
			);
			path = Pods;
			sourceTree = "<group>";
		};
/* End PBXGroup section */

/* Begin PBXNativeTarget section */
		B1D492CA25B1AF9900764C68 /* FinanceApp */ = {
			isa = PBXNativeTarget;
			buildConfigurationList = B1D492DF25B1AF9D00764C68 /* Build configuration list for PBXNativeTarget "FinanceApp" */;
			buildPhases = (
				84BE7E4FC1D5A8CCC1FCC0BC /* [CP] Check Pods Manifest.lock */,
				B1D492C725B1AF9900764C68 /* Sources */,
				B1D492C825B1AF9900764C68 /* Frameworks */,
				B1D492C925B1AF9900764C68 /* Resources */,
				C4EBE3C2A4D3AA2FCAEE79D0 /* [CP] Embed Pods Frameworks */,
			);
			buildRules = (
			);
			dependencies = (
			);
			name = FinanceApp;
			productName = FinanceApp;
			productReference = B1D492CB25B1AF9900764C68 /* FinanceApp.app */;
			productType = "com.apple.product-type.application";
		};
/* End PBXNativeTarget section */

/* Begin PBXProject section */
		B1D492C325B1AF9900764C68 /* Project object */ = {
			isa = PBXProject;
			attributes = {
				LastSwiftUpdateCheck = 1230;
				LastUpgradeCheck = 1230;
				TargetAttributes = {
					B1D492CA25B1AF9900764C68 = {
						CreatedOnToolsVersion = 12.3;
					};
				};
			};
			buildConfigurationList = B1D492C625B1AF9900764C68 /* Build configuration list for PBXProject "FinanceApp" */;
			compatibilityVersion = "Xcode 9.3";
			developmentRegion = en;
			hasScannedForEncodings = 0;
			knownRegions = (
				en,
				Base,
			);
			mainGroup = B1D492C225B1AF9900764C68;
			productRefGroup = B1D492CC25B1AF9900764C68 /* Products */;
			projectDirPath = "";
			projectRoot = "";
			targets = (
				B1D492CA25B1AF9900764C68 /* FinanceApp */,
			);
		};
/* End PBXProject section */

/* Begin PBXResourcesBuildPhase section */
		B1D492C925B1AF9900764C68 /* Resources */ = {
			isa = PBXResourcesBuildPhase;
			buildActionMask = 2147483647;
			files = (
				B1B92BDC25E7D04B0072F17F /* Assets.xcassets in Resources */,
				B1D492DB25B1AF9D00764C68 /* LaunchScreen.storyboard in Resources */,
				B1D492D625B1AF9900764C68 /* Main.storyboard in Resources */,
				B1D1E934261FAEB200AAAE2D /* new.realm in Resources */,
				B1414A1D261485E500932142 /* TransferCell.xib in Resources */,
			);
			runOnlyForDeploymentPostprocessing = 0;
		};
/* End PBXResourcesBuildPhase section */

/* Begin PBXShellScriptBuildPhase section */
		84BE7E4FC1D5A8CCC1FCC0BC /* [CP] Check Pods Manifest.lock */ = {
			isa = PBXShellScriptBuildPhase;
			buildActionMask = 2147483647;
			files = (
			);
			inputFileListPaths = (
			);
			inputPaths = (
				"${PODS_PODFILE_DIR_PATH}/Podfile.lock",
				"${PODS_ROOT}/Manifest.lock",
			);
			name = "[CP] Check Pods Manifest.lock";
			outputFileListPaths = (
			);
			outputPaths = (
				"$(DERIVED_FILE_DIR)/Pods-FinanceApp-checkManifestLockResult.txt",
			);
			runOnlyForDeploymentPostprocessing = 0;
			shellPath = /bin/sh;
			shellScript = "diff \"${PODS_PODFILE_DIR_PATH}/Podfile.lock\" \"${PODS_ROOT}/Manifest.lock\" > /dev/null\nif [ $? != 0 ] ; then\n    # print error to STDERR\n    echo \"error: The sandbox is not in sync with the Podfile.lock. Run 'pod install' or update your CocoaPods installation.\" >&2\n    exit 1\nfi\n# This output is used by Xcode 'outputs' to avoid re-running this script phase.\necho \"SUCCESS\" > \"${SCRIPT_OUTPUT_FILE_0}\"\n";
			showEnvVarsInLog = 0;
		};
		C4EBE3C2A4D3AA2FCAEE79D0 /* [CP] Embed Pods Frameworks */ = {
			isa = PBXShellScriptBuildPhase;
			buildActionMask = 2147483647;
			files = (
			);
			inputFileListPaths = (
				"${PODS_ROOT}/Target Support Files/Pods-FinanceApp/Pods-FinanceApp-frameworks-${CONFIGURATION}-input-files.xcfilelist",
			);
			name = "[CP] Embed Pods Frameworks";
			outputFileListPaths = (
				"${PODS_ROOT}/Target Support Files/Pods-FinanceApp/Pods-FinanceApp-frameworks-${CONFIGURATION}-output-files.xcfilelist",
			);
			runOnlyForDeploymentPostprocessing = 0;
			shellPath = /bin/sh;
			shellScript = "\"${PODS_ROOT}/Target Support Files/Pods-FinanceApp/Pods-FinanceApp-frameworks.sh\"\n";
			showEnvVarsInLog = 0;
		};
/* End PBXShellScriptBuildPhase section */

/* Begin PBXSourcesBuildPhase section */
		B1D492C725B1AF9900764C68 /* Sources */ = {
			isa = PBXSourcesBuildPhase;
			buildActionMask = 2147483647;
			files = (
				B13284BD262858B2003FE86B /* Extensions.swift in Sources */,
				B1D0907325B1CDD200491033 /* Item.swift in Sources */,
				B1D492D325B1AF9900764C68 /* ItemViewController.swift in Sources */,
				B1831874260E319C00C13755 /* AccountViewController.swift in Sources */,
				B1DB0B1D262F128100C464DF /* RoundedButton.swift in Sources */,
				B1B92BD625E7C46E0072F17F /* TabBarController.swift in Sources */,
				B13B12DE25B70DDB00A4AECA /* AddCategoryViewController.swift in Sources */,
				B1831877260E31E300C13755 /* Account.swift in Sources */,
				B109BEB22620B46300D44842 /* DiagramsViewController.swift in Sources */,
				B190CD762612848800ECB3B5 /* AddTransferViewController.swift in Sources */,
				B162359825B3032900339179 /* AddItemViewController.swift in Sources */,
				B11615552627879C00150BC1 /* DatePredicates.swift in Sources */,
				B109354025B1C90500AC6A44 /* ItemCell.swift in Sources */,
				B1414A1C261485E500932142 /* TransferCell.swift in Sources */,
				B13B12D225B6E68D00A4AECA /* CategoryViewController.swift in Sources */,
				B1C8A6B5260E3CC8007D5AE9 /* AddAccountViewController.swift in Sources */,
				B1C8A6B2260E39D1007D5AE9 /* AccountCell.swift in Sources */,
				B13204CC2603848A00D64922 /* Constants.swift in Sources */,
				B119CD362625F7DB000EB8CD /* ChartCell.swift in Sources */,
				B1D492CF25B1AF9900764C68 /* AppDelegate.swift in Sources */,
				B13284C12628693E003FE86B /* ApiViewController.swift in Sources */,
				B1D492D125B1AF9900764C68 /* SceneDelegate.swift in Sources */,
				B13B12CF25B6E39B00A4AECA /* Category.swift in Sources */,
				B140D23025D6FB8600988AD0 /* CategoryCell.swift in Sources */,
				B1ED39CB25EE6296007BC16D /* AppCalculations.swift in Sources */,
			);
			runOnlyForDeploymentPostprocessing = 0;
		};
/* End PBXSourcesBuildPhase section */

/* Begin PBXVariantGroup section */
		B1D492D425B1AF9900764C68 /* Main.storyboard */ = {
			isa = PBXVariantGroup;
			children = (
				B1D492D525B1AF9900764C68 /* Base */,
			);
			name = Main.storyboard;
			sourceTree = "<group>";
		};
		B1D492D925B1AF9D00764C68 /* LaunchScreen.storyboard */ = {
			isa = PBXVariantGroup;
			children = (
				B1D492DA25B1AF9D00764C68 /* Base */,
			);
			name = LaunchScreen.storyboard;
			sourceTree = "<group>";
		};
/* End PBXVariantGroup section */

/* Begin XCBuildConfiguration section */
		B1D492DD25B1AF9D00764C68 /* Debug */ = {
			isa = XCBuildConfiguration;
			buildSettings = {
				ALWAYS_SEARCH_USER_PATHS = NO;
				CLANG_ANALYZER_NONNULL = YES;
				CLANG_ANALYZER_NUMBER_OBJECT_CONVERSION = YES_AGGRESSIVE;
				CLANG_CXX_LANGUAGE_STANDARD = "gnu++14";
				CLANG_CXX_LIBRARY = "libc++";
				CLANG_ENABLE_MODULES = YES;
				CLANG_ENABLE_OBJC_ARC = YES;
				CLANG_ENABLE_OBJC_WEAK = YES;
				CLANG_WARN_BLOCK_CAPTURE_AUTORELEASING = YES;
				CLANG_WARN_BOOL_CONVERSION = YES;
				CLANG_WARN_COMMA = YES;
				CLANG_WARN_CONSTANT_CONVERSION = YES;
				CLANG_WARN_DEPRECATED_OBJC_IMPLEMENTATIONS = YES;
				CLANG_WARN_DIRECT_OBJC_ISA_USAGE = YES_ERROR;
				CLANG_WARN_DOCUMENTATION_COMMENTS = YES;
				CLANG_WARN_EMPTY_BODY = YES;
				CLANG_WARN_ENUM_CONVERSION = YES;
				CLANG_WARN_INFINITE_RECURSION = YES;
				CLANG_WARN_INT_CONVERSION = YES;
				CLANG_WARN_NON_LITERAL_NULL_CONVERSION = YES;
				CLANG_WARN_OBJC_IMPLICIT_RETAIN_SELF = YES;
				CLANG_WARN_OBJC_LITERAL_CONVERSION = YES;
				CLANG_WARN_OBJC_ROOT_CLASS = YES_ERROR;
				CLANG_WARN_QUOTED_INCLUDE_IN_FRAMEWORK_HEADER = YES;
				CLANG_WARN_RANGE_LOOP_ANALYSIS = YES;
				CLANG_WARN_STRICT_PROTOTYPES = YES;
				CLANG_WARN_SUSPICIOUS_MOVE = YES;
				CLANG_WARN_UNGUARDED_AVAILABILITY = YES_AGGRESSIVE;
				CLANG_WARN_UNREACHABLE_CODE = YES;
				CLANG_WARN__DUPLICATE_METHOD_MATCH = YES;
				COPY_PHASE_STRIP = NO;
				DEBUG_INFORMATION_FORMAT = dwarf;
				ENABLE_STRICT_OBJC_MSGSEND = YES;
				ENABLE_TESTABILITY = YES;
				GCC_C_LANGUAGE_STANDARD = gnu11;
				GCC_DYNAMIC_NO_PIC = NO;
				GCC_NO_COMMON_BLOCKS = YES;
				GCC_OPTIMIZATION_LEVEL = 0;
				GCC_PREPROCESSOR_DEFINITIONS = (
					"DEBUG=1",
					"$(inherited)",
				);
				GCC_WARN_64_TO_32_BIT_CONVERSION = YES;
				GCC_WARN_ABOUT_RETURN_TYPE = YES_ERROR;
				GCC_WARN_UNDECLARED_SELECTOR = YES;
				GCC_WARN_UNINITIALIZED_AUTOS = YES_AGGRESSIVE;
				GCC_WARN_UNUSED_FUNCTION = YES;
				GCC_WARN_UNUSED_VARIABLE = YES;
				IPHONEOS_DEPLOYMENT_TARGET = 14.4;
				MTL_ENABLE_DEBUG_INFO = INCLUDE_SOURCE;
				MTL_FAST_MATH = YES;
				ONLY_ACTIVE_ARCH = YES;
				SDKROOT = iphoneos;
				SWIFT_ACTIVE_COMPILATION_CONDITIONS = DEBUG;
				SWIFT_OPTIMIZATION_LEVEL = "-Onone";
			};
			name = Debug;
		};
		B1D492DE25B1AF9D00764C68 /* Release */ = {
			isa = XCBuildConfiguration;
			buildSettings = {
				ALWAYS_SEARCH_USER_PATHS = NO;
				CLANG_ANALYZER_NONNULL = YES;
				CLANG_ANALYZER_NUMBER_OBJECT_CONVERSION = YES_AGGRESSIVE;
				CLANG_CXX_LANGUAGE_STANDARD = "gnu++14";
				CLANG_CXX_LIBRARY = "libc++";
				CLANG_ENABLE_MODULES = YES;
				CLANG_ENABLE_OBJC_ARC = YES;
				CLANG_ENABLE_OBJC_WEAK = YES;
				CLANG_WARN_BLOCK_CAPTURE_AUTORELEASING = YES;
				CLANG_WARN_BOOL_CONVERSION = YES;
				CLANG_WARN_COMMA = YES;
				CLANG_WARN_CONSTANT_CONVERSION = YES;
				CLANG_WARN_DEPRECATED_OBJC_IMPLEMENTATIONS = YES;
				CLANG_WARN_DIRECT_OBJC_ISA_USAGE = YES_ERROR;
				CLANG_WARN_DOCUMENTATION_COMMENTS = YES;
				CLANG_WARN_EMPTY_BODY = YES;
				CLANG_WARN_ENUM_CONVERSION = YES;
				CLANG_WARN_INFINITE_RECURSION = YES;
				CLANG_WARN_INT_CONVERSION = YES;
				CLANG_WARN_NON_LITERAL_NULL_CONVERSION = YES;
				CLANG_WARN_OBJC_IMPLICIT_RETAIN_SELF = YES;
				CLANG_WARN_OBJC_LITERAL_CONVERSION = YES;
				CLANG_WARN_OBJC_ROOT_CLASS = YES_ERROR;
				CLANG_WARN_QUOTED_INCLUDE_IN_FRAMEWORK_HEADER = YES;
				CLANG_WARN_RANGE_LOOP_ANALYSIS = YES;
				CLANG_WARN_STRICT_PROTOTYPES = YES;
				CLANG_WARN_SUSPICIOUS_MOVE = YES;
				CLANG_WARN_UNGUARDED_AVAILABILITY = YES_AGGRESSIVE;
				CLANG_WARN_UNREACHABLE_CODE = YES;
				CLANG_WARN__DUPLICATE_METHOD_MATCH = YES;
				COPY_PHASE_STRIP = NO;
				DEBUG_INFORMATION_FORMAT = "dwarf-with-dsym";
				ENABLE_NS_ASSERTIONS = NO;
				ENABLE_STRICT_OBJC_MSGSEND = YES;
				GCC_C_LANGUAGE_STANDARD = gnu11;
				GCC_NO_COMMON_BLOCKS = YES;
				GCC_WARN_64_TO_32_BIT_CONVERSION = YES;
				GCC_WARN_ABOUT_RETURN_TYPE = YES_ERROR;
				GCC_WARN_UNDECLARED_SELECTOR = YES;
				GCC_WARN_UNINITIALIZED_AUTOS = YES_AGGRESSIVE;
				GCC_WARN_UNUSED_FUNCTION = YES;
				GCC_WARN_UNUSED_VARIABLE = YES;
				IPHONEOS_DEPLOYMENT_TARGET = 14.4;
				MTL_ENABLE_DEBUG_INFO = NO;
				MTL_FAST_MATH = YES;
				SDKROOT = iphoneos;
				SWIFT_COMPILATION_MODE = wholemodule;
				SWIFT_OPTIMIZATION_LEVEL = "-O";
				VALIDATE_PRODUCT = YES;
			};
			name = Release;
		};
		B1D492E025B1AF9D00764C68 /* Debug */ = {
			isa = XCBuildConfiguration;
			baseConfigurationReference = 09BE0E2AD65651CB3960C964 /* Pods-FinanceApp.debug.xcconfig */;
			buildSettings = {
				ASSETCATALOG_COMPILER_GLOBAL_ACCENT_COLOR_NAME = AccentColor;
				CODE_SIGN_STYLE = Automatic;
				DEVELOPMENT_TEAM = RQ9A7Z3W49;
				INFOPLIST_FILE = FinanceApp/Info.plist;
				LD_RUNPATH_SEARCH_PATHS = (
					"$(inherited)",
					"@executable_path/Frameworks",
				);
				PRODUCT_BUNDLE_IDENTIFIER = co.elena.FinanceApp;
				PRODUCT_NAME = "$(TARGET_NAME)";
				SWIFT_VERSION = 5.0;
				TARGETED_DEVICE_FAMILY = "1,2";
			};
			name = Debug;
		};
		B1D492E125B1AF9D00764C68 /* Release */ = {
			isa = XCBuildConfiguration;
			baseConfigurationReference = B105EBA83B5575B1A5BB7865 /* Pods-FinanceApp.release.xcconfig */;
			buildSettings = {
				ASSETCATALOG_COMPILER_GLOBAL_ACCENT_COLOR_NAME = AccentColor;
				CODE_SIGN_STYLE = Automatic;
				DEVELOPMENT_TEAM = RQ9A7Z3W49;
				INFOPLIST_FILE = FinanceApp/Info.plist;
				LD_RUNPATH_SEARCH_PATHS = (
					"$(inherited)",
					"@executable_path/Frameworks",
				);
				PRODUCT_BUNDLE_IDENTIFIER = co.elena.FinanceApp;
				PRODUCT_NAME = "$(TARGET_NAME)";
				SWIFT_VERSION = 5.0;
				TARGETED_DEVICE_FAMILY = "1,2";
			};
			name = Release;
		};
/* End XCBuildConfiguration section */

/* Begin XCConfigurationList section */
		B1D492C625B1AF9900764C68 /* Build configuration list for PBXProject "FinanceApp" */ = {
			isa = XCConfigurationList;
			buildConfigurations = (
				B1D492DD25B1AF9D00764C68 /* Debug */,
				B1D492DE25B1AF9D00764C68 /* Release */,
			);
			defaultConfigurationIsVisible = 0;
			defaultConfigurationName = Release;
		};
		B1D492DF25B1AF9D00764C68 /* Build configuration list for PBXNativeTarget "FinanceApp" */ = {
			isa = XCConfigurationList;
			buildConfigurations = (
				B1D492E025B1AF9D00764C68 /* Debug */,
				B1D492E125B1AF9D00764C68 /* Release */,
			);
			defaultConfigurationIsVisible = 0;
			defaultConfigurationName = Release;
		};
/* End XCConfigurationList section */
	};
	rootObject = B1D492C325B1AF9900764C68 /* Project object */;
}
